
Microsoft Visual Studio Solution File, Format Version 12.00
# Visual Studio Version 17
VisualStudioVersion = 17.9.34622.214
MinimumVisualStudioVersion = 10.0.40219.1
Project("{8BC9CEB8-8B4A-11D0-8D11-00A0C91BC942}") = "ДЗ 7.03", "ДЗ 7.03.vcxproj", "{E5156386-988F-4710-8E2C-B12C709BCC4D}"
EndProject
Global
	GlobalSection(SolutionConfigurationPlatforms) = preSolution
		Debug|x64 = Debug|x64
		Debug|x86 = Debug|x86
		Release|x64 = Release|x64
		Release|x86 = Release|x86
	EndGlobalSection
	GlobalSection(ProjectConfigurationPlatforms) = postSolution
		{E5156386-988F-4710-8E2C-B12C709BCC4D}.Debug|x64.ActiveCfg = Debug|x64
		{E5156386-988F-4710-8E2C-B12C709BCC4D}.Debug|x64.Build.0 = Debug|x64
		{E5156386-988F-4710-8E2C-B12C709BCC4D}.Debug|x86.ActiveCfg = Debug|Win32
		{E5156386-988F-4710-8E2C-B12C709BCC4D}.Debug|x86.Build.0 = Debug|Win32
		{E5156386-988F-4710-8E2C-B12C709BCC4D}.Release|x64.ActiveCfg = Release|x64
		{E5156386-988F-4710-8E2C-B12C709BCC4D}.Release|x64.Build.0 = Release|x64
		{E5156386-988F-4710-8E2C-B12C709BCC4D}.Release|x86.ActiveCfg = Release|Win32
		{E5156386-988F-4710-8E2C-B12C709BCC4D}.Release|x86.Build.0 = Release|Win32
	EndGlobalSection
	GlobalSection(SolutionProperties) = preSolution
		HideSolutionNode = FALSE
	EndGlobalSection
	GlobalSection(ExtensibilityGlobals) = postSolution
		SolutionGuid = {2D0FCD34-62D3-4BF6-B83C-FE8C65E3D584}
	EndGlobalSection
EndGlobal
